
Microsoft Visual Studio Solution File, Format Version 12.00
# Visual Studio 15
VisualStudioVersion = 15.0.27428.2005
MinimumVisualStudioVersion = 10.0.40219.1
Project("{FAE04EC0-301F-11D3-BF4B-00C04F79EFBC}") = "CodeToBitmap", "CodeToBitmap.csproj", "{E6216010-3DBE-442F-9243-31B9E55D8B08}"
EndProject
Global
	GlobalSection(SolutionConfigurationPlatforms) = preSolution
		Debug|Any CPU = Debug|Any CPU
		Debug|ARM = Debug|ARM
		Debug|x64 = Debug|x64
		Debug|x86 = Debug|x86
		Release|Any CPU = Release|Any CPU
		Release|ARM = Release|ARM
		Release|x64 = Release|x64
		Release|x86 = Release|x86
	EndGlobalSection
	GlobalSection(ProjectConfigurationPlatforms) = postSolution
		{E6216010-3DBE-442F-9243-31B9E55D8B08}.Debug|Any CPU.ActiveCfg = Debug|Any CPU
		{E6216010-3DBE-442F-9243-31B9E55D8B08}.Debug|Any CPU.Build.0 = Debug|Any CPU
		{E6216010-3DBE-442F-9243-31B9E55D8B08}.Debug|ARM.ActiveCfg = Debug|ARM
		{E6216010-3DBE-442F-9243-31B9E55D8B08}.Debug|ARM.Build.0 = Debug|ARM
		{E6216010-3DBE-442F-9243-31B9E55D8B08}.Debug|x64.ActiveCfg = Debug|x64
		{E6216010-3DBE-442F-9243-31B9E55D8B08}.Debug|x64.Build.0 = Debug|x64
		{E6216010-3DBE-442F-9243-31B9E55D8B08}.Debug|x86.ActiveCfg = Debug|x86
		{E6216010-3DBE-442F-9243-31B9E55D8B08}.Debug|x86.Build.0 = Debug|x86
		{E6216010-3DBE-442F-9243-31B9E55D8B08}.Release|Any CPU.ActiveCfg = Release|Any CPU
		{E6216010-3DBE-442F-9243-31B9E55D8B08}.Release|Any CPU.Build.0 = Release|Any CPU
		{E6216010-3DBE-442F-9243-31B9E55D8B08}.Release|ARM.ActiveCfg = Release|ARM
		{E6216010-3DBE-442F-9243-31B9E55D8B08}.Release|ARM.Build.0 = Release|ARM
		{E6216010-3DBE-442F-9243-31B9E55D8B08}.Release|x64.ActiveCfg = Release|x64
		{E6216010-3DBE-442F-9243-31B9E55D8B08}.Release|x64.Build.0 = Release|x64
		{E6216010-3DBE-442F-9243-31B9E55D8B08}.Release|x86.ActiveCfg = Release|x86
		{E6216010-3DBE-442F-9243-31B9E55D8B08}.Release|x86.Build.0 = Release|x86
	EndGlobalSection
	GlobalSection(SolutionProperties) = preSolution
		HideSolutionNode = FALSE
	EndGlobalSection
	GlobalSection(ExtensibilityGlobals) = postSolution
		SolutionGuid = {4FD7D2B9-29C3-428C-94A2-1F447C062971}
	EndGlobalSection
EndGlobal
